
Microsoft Visual Studio Solution File, Format Version 12.00
# Visual Studio 15
VisualStudioVersion = 15.0.26124.0
MinimumVisualStudioVersion = 15.0.26124.0
Project("{2150E333-8FDC-42A3-9474-1A3956D46DE8}") = "src", "src", "{DC83FDE6-2971-4286-9B41-3ECB4D389C5B}"
EndProject
Project("{FAE04EC0-301F-11D3-BF4B-00C04F79EFBC}") = "SimplePipeline", "src\SimplePipeline\SimplePipeline.csproj", "{61E418FD-235F-4BB8-87F2-2A2503921007}"
EndProject
Project("{2150E333-8FDC-42A3-9474-1A3956D46DE8}") = "test", "test", "{147121E6-DC7F-44B9-AF59-5D32B7AC2A9F}"
EndProject
Project("{FAE04EC0-301F-11D3-BF4B-00C04F79EFBC}") = "SimplePipeline.Test", "test\SimplePipeline.Test\SimplePipeline.Test.csproj", "{F8832858-979A-4D43-8860-5166C40C79BB}"
EndProject
Global
	GlobalSection(SolutionConfigurationPlatforms) = preSolution
		Debug|Any CPU = Debug|Any CPU
		Debug|x64 = Debug|x64
		Debug|x86 = Debug|x86
		Release|Any CPU = Release|Any CPU
		Release|x64 = Release|x64
		Release|x86 = Release|x86
	EndGlobalSection
	GlobalSection(SolutionProperties) = preSolution
		HideSolutionNode = FALSE
	EndGlobalSection
	GlobalSection(ProjectConfigurationPlatforms) = postSolution
		{61E418FD-235F-4BB8-87F2-2A2503921007}.Debug|Any CPU.ActiveCfg = Debug|Any CPU
		{61E418FD-235F-4BB8-87F2-2A2503921007}.Debug|Any CPU.Build.0 = Debug|Any CPU
		{61E418FD-235F-4BB8-87F2-2A2503921007}.Debug|x64.ActiveCfg = Debug|Any CPU
		{61E418FD-235F-4BB8-87F2-2A2503921007}.Debug|x64.Build.0 = Debug|Any CPU
		{61E418FD-235F-4BB8-87F2-2A2503921007}.Debug|x86.ActiveCfg = Debug|Any CPU
		{61E418FD-235F-4BB8-87F2-2A2503921007}.Debug|x86.Build.0 = Debug|Any CPU
		{61E418FD-235F-4BB8-87F2-2A2503921007}.Release|Any CPU.ActiveCfg = Release|Any CPU
		{61E418FD-235F-4BB8-87F2-2A2503921007}.Release|Any CPU.Build.0 = Release|Any CPU
		{61E418FD-235F-4BB8-87F2-2A2503921007}.Release|x64.ActiveCfg = Release|Any CPU
		{61E418FD-235F-4BB8-87F2-2A2503921007}.Release|x64.Build.0 = Release|Any CPU
		{61E418FD-235F-4BB8-87F2-2A2503921007}.Release|x86.ActiveCfg = Release|Any CPU
		{61E418FD-235F-4BB8-87F2-2A2503921007}.Release|x86.Build.0 = Release|Any CPU
		{F8832858-979A-4D43-8860-5166C40C79BB}.Debug|Any CPU.ActiveCfg = Debug|Any CPU
		{F8832858-979A-4D43-8860-5166C40C79BB}.Debug|Any CPU.Build.0 = Debug|Any CPU
		{F8832858-979A-4D43-8860-5166C40C79BB}.Debug|x64.ActiveCfg = Debug|Any CPU
		{F8832858-979A-4D43-8860-5166C40C79BB}.Debug|x64.Build.0 = Debug|Any CPU
		{F8832858-979A-4D43-8860-5166C40C79BB}.Debug|x86.ActiveCfg = Debug|Any CPU
		{F8832858-979A-4D43-8860-5166C40C79BB}.Debug|x86.Build.0 = Debug|Any CPU
		{F8832858-979A-4D43-8860-5166C40C79BB}.Release|Any CPU.ActiveCfg = Release|Any CPU
		{F8832858-979A-4D43-8860-5166C40C79BB}.Release|Any CPU.Build.0 = Release|Any CPU
		{F8832858-979A-4D43-8860-5166C40C79BB}.Release|x64.ActiveCfg = Release|Any CPU
		{F8832858-979A-4D43-8860-5166C40C79BB}.Release|x64.Build.0 = Release|Any CPU
		{F8832858-979A-4D43-8860-5166C40C79BB}.Release|x86.ActiveCfg = Release|Any CPU
		{F8832858-979A-4D43-8860-5166C40C79BB}.Release|x86.Build.0 = Release|Any CPU
	EndGlobalSection
	GlobalSection(NestedProjects) = preSolution
		{61E418FD-235F-4BB8-87F2-2A2503921007} = {DC83FDE6-2971-4286-9B41-3ECB4D389C5B}
		{F8832858-979A-4D43-8860-5166C40C79BB} = {147121E6-DC7F-44B9-AF59-5D32B7AC2A9F}
	EndGlobalSection
EndGlobal
